// !$*UTF8*$!
{
	archiveVersion = 1;
	classes = {
	};
	objectVersion = 56;
	objects = {

/* Begin PBXBuildFile section */
		F8AFF7A82D007E6900C06A47 /* ImagePicker.swift in Sources */ = {isa = PBXBuildFile; fileRef = F8AFF7A72D007E6900C06A47 /* ImagePicker.swift */; };
		F8AFF7AB2D00804800C06A47 /* Data+Extensions.swift in Sources */ = {isa = PBXBuildFile; fileRef = F8AFF7AA2D00804800C06A47 /* Data+Extensions.swift */; };
		F8AFF7AD2D00829000C06A47 /* GoogleService-Info.plist in Resources */ = {isa = PBXBuildFile; fileRef = F8AFF7AC2D00829000C06A47 /* GoogleService-Info.plist */; };
		F8F3B60E2D0075A900EF7DAB /* Nutrition_TrackerApp.swift in Sources */ = {isa = PBXBuildFile; fileRef = F8F3B60D2D0075A900EF7DAB /* Nutrition_TrackerApp.swift */; };
		F8F3B6102D0075A900EF7DAB /* ContentView.swift in Sources */ = {isa = PBXBuildFile; fileRef = F8F3B60F2D0075A900EF7DAB /* ContentView.swift */; };
		F8F3B6122D0075AA00EF7DAB /* Assets.xcassets in Resources */ = {isa = PBXBuildFile; fileRef = F8F3B6112D0075AA00EF7DAB /* Assets.xcassets */; };
		F8F3B6152D0075AA00EF7DAB /* Preview Assets.xcassets in Resources */ = {isa = PBXBuildFile; fileRef = F8F3B6142D0075AA00EF7DAB /* Preview Assets.xcassets */; };
		F8F3B61F2D0075AA00EF7DAB /* Nutrition_TrackerTests.swift in Sources */ = {isa = PBXBuildFile; fileRef = F8F3B61E2D0075AA00EF7DAB /* Nutrition_TrackerTests.swift */; };
		F8F3B6292D0075AA00EF7DAB /* Nutrition_TrackerUITests.swift in Sources */ = {isa = PBXBuildFile; fileRef = F8F3B6282D0075AA00EF7DAB /* Nutrition_TrackerUITests.swift */; };
		F8F3B62B2D0075AA00EF7DAB /* Nutrition_TrackerUITestsLaunchTests.swift in Sources */ = {isa = PBXBuildFile; fileRef = F8F3B62A2D0075AA00EF7DAB /* Nutrition_TrackerUITestsLaunchTests.swift */; };
		F8F3B63D2D00763200EF7DAB /* AddFoodView.swift in Sources */ = {isa = PBXBuildFile; fileRef = F8F3B63C2D00763200EF7DAB /* AddFoodView.swift */; };
		F8F3B63F2D00764F00EF7DAB /* AddWaterView.swift in Sources */ = {isa = PBXBuildFile; fileRef = F8F3B63E2D00764F00EF7DAB /* AddWaterView.swift */; };
		F8F3B6412D00766F00EF7DAB /* AuthenticationView.swift in Sources */ = {isa = PBXBuildFile; fileRef = F8F3B6402D00766F00EF7DAB /* AuthenticationView.swift */; };
		F8F3B6432D00767B00EF7DAB /* CreateAccountView.swift in Sources */ = {isa = PBXBuildFile; fileRef = F8F3B6422D00767B00EF7DAB /* CreateAccountView.swift */; };
		F8F3B6452D00768500EF7DAB /* HomePageView.swift in Sources */ = {isa = PBXBuildFile; fileRef = F8F3B6442D00768500EF7DAB /* HomePageView.swift */; };
		F8F3B6472D00768D00EF7DAB /* ProfileView.swift in Sources */ = {isa = PBXBuildFile; fileRef = F8F3B6462D00768D00EF7DAB /* ProfileView.swift */; };
		F8F3B64A2D0076FC00EF7DAB /* ImageProcessingViewModal.swift in Sources */ = {isa = PBXBuildFile; fileRef = F8F3B6492D0076FC00EF7DAB /* ImageProcessingViewModal.swift */; };
		F8F3B64C2D00770800EF7DAB /* UserViewModal.swift in Sources */ = {isa = PBXBuildFile; fileRef = F8F3B64B2D00770800EF7DAB /* UserViewModal.swift */; };
		F8F3B64E2D00773E00EF7DAB /* NetworkManager.swift in Sources */ = {isa = PBXBuildFile; fileRef = F8F3B64D2D00773E00EF7DAB /* NetworkManager.swift */; };
		F8F3B6502D00776200EF7DAB /* AppError.swift in Sources */ = {isa = PBXBuildFile; fileRef = F8F3B64F2D00776200EF7DAB /* AppError.swift */; };
		F8F3B6542D00791800EF7DAB /* NutritionModels.swift in Sources */ = {isa = PBXBuildFile; fileRef = F8F3B6532D00791800EF7DAB /* NutritionModels.swift */; };
		F8F3B6562D00792F00EF7DAB /* User.swift in Sources */ = {isa = PBXBuildFile; fileRef = F8F3B6552D00792F00EF7DAB /* User.swift */; };
		F8F3B6582D00795100EF7DAB /* HelperViews.swift in Sources */ = {isa = PBXBuildFile; fileRef = F8F3B6572D00795100EF7DAB /* HelperViews.swift */; };
		F8F3B65B2D007B9000EF7DAB /* FirebaseAuth in Frameworks */ = {isa = PBXBuildFile; productRef = F8F3B65A2D007B9000EF7DAB /* FirebaseAuth */; };
		F8F3B65D2D007B9000EF7DAB /* FirebaseCore in Frameworks */ = {isa = PBXBuildFile; productRef = F8F3B65C2D007B9000EF7DAB /* FirebaseCore */; };
		F8F3B65F2D007BAB00EF7DAB /* FirebaseAuth in Frameworks */ = {isa = PBXBuildFile; productRef = F8F3B65E2D007BAB00EF7DAB /* FirebaseAuth */; };
		F8F3B6612D007BAB00EF7DAB /* FirebaseCore in Frameworks */ = {isa = PBXBuildFile; productRef = F8F3B6602D007BAB00EF7DAB /* FirebaseCore */; };
		F8F3B6632D007BD200EF7DAB /* FirebaseAnalytics in Frameworks */ = {isa = PBXBuildFile; productRef = F8F3B6622D007BD200EF7DAB /* FirebaseAnalytics */; };
		F8F3B6652D007BD200EF7DAB /* FirebaseAuth in Frameworks */ = {isa = PBXBuildFile; productRef = F8F3B6642D007BD200EF7DAB /* FirebaseAuth */; };
		F8F3B6672D007BD200EF7DAB /* FirebaseCore in Frameworks */ = {isa = PBXBuildFile; productRef = F8F3B6662D007BD200EF7DAB /* FirebaseCore */; };
		F8F3B6692D007C1A00EF7DAB /* FirebaseAuth in Frameworks */ = {isa = PBXBuildFile; productRef = F8F3B6682D007C1A00EF7DAB /* FirebaseAuth */; };
		F8F3B66B2D007C1A00EF7DAB /* FirebaseCore in Frameworks */ = {isa = PBXBuildFile; productRef = F8F3B66A2D007C1A00EF7DAB /* FirebaseCore */; };
/* End PBXBuildFile section */

/* Begin PBXContainerItemProxy section */
		F8F3B61B2D0075AA00EF7DAB /* PBXContainerItemProxy */ = {
			isa = PBXContainerItemProxy;
			containerPortal = F8F3B6022D0075A900EF7DAB /* Project object */;
			proxyType = 1;
			remoteGlobalIDString = F8F3B6092D0075A900EF7DAB;
			remoteInfo = "Nutrition Tracker";
		};
		F8F3B6252D0075AA00EF7DAB /* PBXContainerItemProxy */ = {
			isa = PBXContainerItemProxy;
			containerPortal = F8F3B6022D0075A900EF7DAB /* Project object */;
			proxyType = 1;
			remoteGlobalIDString = F8F3B6092D0075A900EF7DAB;
			remoteInfo = "Nutrition Tracker";
		};
/* End PBXContainerItemProxy section */

/* Begin PBXFileReference section */
		F8AFF7A72D007E6900C06A47 /* ImagePicker.swift */ = {isa = PBXFileReference; lastKnownFileType = sourcecode.swift; path = ImagePicker.swift; sourceTree = "<group>"; };
		F8AFF7AA2D00804800C06A47 /* Data+Extensions.swift */ = {isa = PBXFileReference; lastKnownFileType = sourcecode.swift; path = "Data+Extensions.swift"; sourceTree = "<group>"; };
		F8AFF7AC2D00829000C06A47 /* GoogleService-Info.plist */ = {isa = PBXFileReference; fileEncoding = 4; lastKnownFileType = text.plist.xml; path = "GoogleService-Info.plist"; sourceTree = "<group>"; };
		F8F3B60A2D0075A900EF7DAB /* Nutrition Tracker.app */ = {isa = PBXFileReference; explicitFileType = wrapper.application; includeInIndex = 0; path = "Nutrition Tracker.app"; sourceTree = BUILT_PRODUCTS_DIR; };
		F8F3B60D2D0075A900EF7DAB /* Nutrition_TrackerApp.swift */ = {isa = PBXFileReference; lastKnownFileType = sourcecode.swift; path = Nutrition_TrackerApp.swift; sourceTree = "<group>"; };
		F8F3B60F2D0075A900EF7DAB /* ContentView.swift */ = {isa = PBXFileReference; lastKnownFileType = sourcecode.swift; path = ContentView.swift; sourceTree = "<group>"; };
		F8F3B6112D0075AA00EF7DAB /* Assets.xcassets */ = {isa = PBXFileReference; lastKnownFileType = folder.assetcatalog; path = Assets.xcassets; sourceTree = "<group>"; };
		F8F3B6142D0075AA00EF7DAB /* Preview Assets.xcassets */ = {isa = PBXFileReference; lastKnownFileType = folder.assetcatalog; path = "Preview Assets.xcassets"; sourceTree = "<group>"; };
		F8F3B61A2D0075AA00EF7DAB /* Nutrition TrackerTests.xctest */ = {isa = PBXFileReference; explicitFileType = wrapper.cfbundle; includeInIndex = 0; path = "Nutrition TrackerTests.xctest"; sourceTree = BUILT_PRODUCTS_DIR; };
		F8F3B61E2D0075AA00EF7DAB /* Nutrition_TrackerTests.swift */ = {isa = PBXFileReference; lastKnownFileType = sourcecode.swift; path = Nutrition_TrackerTests.swift; sourceTree = "<group>"; };
		F8F3B6242D0075AA00EF7DAB /* Nutrition TrackerUITests.xctest */ = {isa = PBXFileReference; explicitFileType = wrapper.cfbundle; includeInIndex = 0; path = "Nutrition TrackerUITests.xctest"; sourceTree = BUILT_PRODUCTS_DIR; };
		F8F3B6282D0075AA00EF7DAB /* Nutrition_TrackerUITests.swift */ = {isa = PBXFileReference; lastKnownFileType = sourcecode.swift; path = Nutrition_TrackerUITests.swift; sourceTree = "<group>"; };
		F8F3B62A2D0075AA00EF7DAB /* Nutrition_TrackerUITestsLaunchTests.swift */ = {isa = PBXFileReference; lastKnownFileType = sourcecode.swift; path = Nutrition_TrackerUITestsLaunchTests.swift; sourceTree = "<group>"; };
		F8F3B63C2D00763200EF7DAB /* AddFoodView.swift */ = {isa = PBXFileReference; lastKnownFileType = sourcecode.swift; path = AddFoodView.swift; sourceTree = "<group>"; };
		F8F3B63E2D00764F00EF7DAB /* AddWaterView.swift */ = {isa = PBXFileReference; lastKnownFileType = sourcecode.swift; path = AddWaterView.swift; sourceTree = "<group>"; };
		F8F3B6402D00766F00EF7DAB /* AuthenticationView.swift */ = {isa = PBXFileReference; lastKnownFileType = sourcecode.swift; path = AuthenticationView.swift; sourceTree = "<group>"; };
		F8F3B6422D00767B00EF7DAB /* CreateAccountView.swift */ = {isa = PBXFileReference; lastKnownFileType = sourcecode.swift; path = CreateAccountView.swift; sourceTree = "<group>"; };
		F8F3B6442D00768500EF7DAB /* HomePageView.swift */ = {isa = PBXFileReference; lastKnownFileType = sourcecode.swift; path = HomePageView.swift; sourceTree = "<group>"; };
		F8F3B6462D00768D00EF7DAB /* ProfileView.swift */ = {isa = PBXFileReference; lastKnownFileType = sourcecode.swift; path = ProfileView.swift; sourceTree = "<group>"; };
		F8F3B6492D0076FC00EF7DAB /* ImageProcessingViewModal.swift */ = {isa = PBXFileReference; lastKnownFileType = sourcecode.swift; path = ImageProcessingViewModal.swift; sourceTree = "<group>"; };
		F8F3B64B2D00770800EF7DAB /* UserViewModal.swift */ = {isa = PBXFileReference; lastKnownFileType = sourcecode.swift; path = UserViewModal.swift; sourceTree = "<group>"; };
		F8F3B64D2D00773E00EF7DAB /* NetworkManager.swift */ = {isa = PBXFileReference; lastKnownFileType = sourcecode.swift; path = NetworkManager.swift; sourceTree = "<group>"; };
		F8F3B64F2D00776200EF7DAB /* AppError.swift */ = {isa = PBXFileReference; lastKnownFileType = sourcecode.swift; path = AppError.swift; sourceTree = "<group>"; };
		F8F3B6532D00791800EF7DAB /* NutritionModels.swift */ = {isa = PBXFileReference; lastKnownFileType = sourcecode.swift; path = NutritionModels.swift; sourceTree = "<group>"; };
		F8F3B6552D00792F00EF7DAB /* User.swift */ = {isa = PBXFileReference; lastKnownFileType = sourcecode.swift; path = User.swift; sourceTree = "<group>"; };
		F8F3B6572D00795100EF7DAB /* HelperViews.swift */ = {isa = PBXFileReference; lastKnownFileType = sourcecode.swift; path = HelperViews.swift; sourceTree = "<group>"; };
/* End PBXFileReference section */

/* Begin PBXFrameworksBuildPhase section */
		F8F3B6072D0075A900EF7DAB /* Frameworks */ = {
			isa = PBXFrameworksBuildPhase;
			buildActionMask = 2147483647;
			files = (
				F8F3B65D2D007B9000EF7DAB /* FirebaseCore in Frameworks */,
				F8F3B6652D007BD200EF7DAB /* FirebaseAuth in Frameworks */,
				F8F3B65F2D007BAB00EF7DAB /* FirebaseAuth in Frameworks */,
				F8F3B6612D007BAB00EF7DAB /* FirebaseCore in Frameworks */,
				F8F3B6672D007BD200EF7DAB /* FirebaseCore in Frameworks */,
				F8F3B6632D007BD200EF7DAB /* FirebaseAnalytics in Frameworks */,
				F8F3B65B2D007B9000EF7DAB /* FirebaseAuth in Frameworks */,
				F8F3B66B2D007C1A00EF7DAB /* FirebaseCore in Frameworks */,
				F8F3B6692D007C1A00EF7DAB /* FirebaseAuth in Frameworks */,
			);
			runOnlyForDeploymentPostprocessing = 0;
		};
		F8F3B6172D0075AA00EF7DAB /* Frameworks */ = {
			isa = PBXFrameworksBuildPhase;
			buildActionMask = 2147483647;
			files = (
			);
			runOnlyForDeploymentPostprocessing = 0;
		};
		F8F3B6212D0075AA00EF7DAB /* Frameworks */ = {
			isa = PBXFrameworksBuildPhase;
			buildActionMask = 2147483647;
			files = (
			);
			runOnlyForDeploymentPostprocessing = 0;
		};
/* End PBXFrameworksBuildPhase section */

/* Begin PBXGroup section */
		F8AFF7A92D00803500C06A47 /* Extensions */ = {
			isa = PBXGroup;
			children = (
				F8AFF7AA2D00804800C06A47 /* Data+Extensions.swift */,
			);
			path = Extensions;
			sourceTree = "<group>";
		};
		F8F3B6012D0075A900EF7DAB = {
			isa = PBXGroup;
			children = (
				F8AFF7AC2D00829000C06A47 /* GoogleService-Info.plist */,
				F8F3B60C2D0075A900EF7DAB /* Nutrition Tracker */,
				F8F3B61D2D0075AA00EF7DAB /* Nutrition TrackerTests */,
				F8F3B6272D0075AA00EF7DAB /* Nutrition TrackerUITests */,
				F8F3B60B2D0075A900EF7DAB /* Products */,
			);
			sourceTree = "<group>";
		};
		F8F3B60B2D0075A900EF7DAB /* Products */ = {
			isa = PBXGroup;
			children = (
				F8F3B60A2D0075A900EF7DAB /* Nutrition Tracker.app */,
				F8F3B61A2D0075AA00EF7DAB /* Nutrition TrackerTests.xctest */,
				F8F3B6242D0075AA00EF7DAB /* Nutrition TrackerUITests.xctest */,
			);
			name = Products;
			sourceTree = "<group>";
		};
		F8F3B60C2D0075A900EF7DAB /* Nutrition Tracker */ = {
			isa = PBXGroup;
			children = (
				F8AFF7A92D00803500C06A47 /* Extensions */,
				F8F3B60D2D0075A900EF7DAB /* Nutrition_TrackerApp.swift */,
				F8F3B6392D00760C00EF7DAB /* Networking */,
				F8F3B6382D00760600EF7DAB /* Components */,
				F8F3B60F2D0075A900EF7DAB /* ContentView.swift */,
				F8F3B6372D00760100EF7DAB /* Models */,
				F8F3B6112D0075AA00EF7DAB /* Assets.xcassets */,
				F8F3B6482D0076EA00EF7DAB /* ViewModals */,
				F8F3B63B2D00761F00EF7DAB /* Views */,
				F8F3B6132D0075AA00EF7DAB /* Preview Content */,
			);
			path = "Nutrition Tracker";
			sourceTree = "<group>";
		};
		F8F3B6132D0075AA00EF7DAB /* Preview Content */ = {
			isa = PBXGroup;
			children = (
				F8F3B6142D0075AA00EF7DAB /* Preview Assets.xcassets */,
			);
			path = "Preview Content";
			sourceTree = "<group>";
		};
		F8F3B61D2D0075AA00EF7DAB /* Nutrition TrackerTests */ = {
			isa = PBXGroup;
			children = (
				F8F3B61E2D0075AA00EF7DAB /* Nutrition_TrackerTests.swift */,
			);
			path = "Nutrition TrackerTests";
			sourceTree = "<group>";
		};
		F8F3B6272D0075AA00EF7DAB /* Nutrition TrackerUITests */ = {
			isa = PBXGroup;
			children = (
				F8F3B6282D0075AA00EF7DAB /* Nutrition_TrackerUITests.swift */,
				F8F3B62A2D0075AA00EF7DAB /* Nutrition_TrackerUITestsLaunchTests.swift */,
			);
			path = "Nutrition TrackerUITests";
			sourceTree = "<group>";
		};
		F8F3B6372D00760100EF7DAB /* Models */ = {
			isa = PBXGroup;
			children = (
				F8F3B64F2D00776200EF7DAB /* AppError.swift */,
				F8F3B6532D00791800EF7DAB /* NutritionModels.swift */,
				F8F3B6552D00792F00EF7DAB /* User.swift */,
			);
			path = Models;
			sourceTree = "<group>";
		};
		F8F3B6382D00760600EF7DAB /* Components */ = {
			isa = PBXGroup;
			children = (
				F8F3B6572D00795100EF7DAB /* HelperViews.swift */,
				F8AFF7A72D007E6900C06A47 /* ImagePicker.swift */,
			);
			path = Components;
			sourceTree = "<group>";
		};
		F8F3B6392D00760C00EF7DAB /* Networking */ = {
			isa = PBXGroup;
			children = (
				F8F3B64D2D00773E00EF7DAB /* NetworkManager.swift */,
			);
			path = Networking;
			sourceTree = "<group>";
		};
		F8F3B63B2D00761F00EF7DAB /* Views */ = {
			isa = PBXGroup;
			children = (
				F8F3B63C2D00763200EF7DAB /* AddFoodView.swift */,
				F8F3B63E2D00764F00EF7DAB /* AddWaterView.swift */,
				F8F3B6402D00766F00EF7DAB /* AuthenticationView.swift */,
				F8F3B6442D00768500EF7DAB /* HomePageView.swift */,
				F8F3B6462D00768D00EF7DAB /* ProfileView.swift */,
				F8F3B6422D00767B00EF7DAB /* CreateAccountView.swift */,
			);
			path = Views;
			sourceTree = "<group>";
		};
		F8F3B6482D0076EA00EF7DAB /* ViewModals */ = {
			isa = PBXGroup;
			children = (
				F8F3B6492D0076FC00EF7DAB /* ImageProcessingViewModal.swift */,
				F8F3B64B2D00770800EF7DAB /* UserViewModal.swift */,
			);
			path = ViewModals;
			sourceTree = "<group>";
		};
/* End PBXGroup section */

/* Begin PBXNativeTarget section */
		F8F3B6092D0075A900EF7DAB /* Nutrition Tracker */ = {
			isa = PBXNativeTarget;
			buildConfigurationList = F8F3B62E2D0075AA00EF7DAB /* Build configuration list for PBXNativeTarget "Nutrition Tracker" */;
			buildPhases = (
				F8F3B6062D0075A900EF7DAB /* Sources */,
				F8F3B6072D0075A900EF7DAB /* Frameworks */,
				F8F3B6082D0075A900EF7DAB /* Resources */,
			);
			buildRules = (
			);
			dependencies = (
			);
			name = "Nutrition Tracker";
			packageProductDependencies = (
				F8F3B65A2D007B9000EF7DAB /* FirebaseAuth */,
				F8F3B65C2D007B9000EF7DAB /* FirebaseCore */,
				F8F3B65E2D007BAB00EF7DAB /* FirebaseAuth */,
				F8F3B6602D007BAB00EF7DAB /* FirebaseCore */,
				F8F3B6622D007BD200EF7DAB /* FirebaseAnalytics */,
				F8F3B6642D007BD200EF7DAB /* FirebaseAuth */,
				F8F3B6662D007BD200EF7DAB /* FirebaseCore */,
				F8F3B6682D007C1A00EF7DAB /* FirebaseAuth */,
				F8F3B66A2D007C1A00EF7DAB /* FirebaseCore */,
			);
			productName = "Nutrition Tracker";
			productReference = F8F3B60A2D0075A900EF7DAB /* Nutrition Tracker.app */;
			productType = "com.apple.product-type.application";
		};
		F8F3B6192D0075AA00EF7DAB /* Nutrition TrackerTests */ = {
			isa = PBXNativeTarget;
			buildConfigurationList = F8F3B6312D0075AA00EF7DAB /* Build configuration list for PBXNativeTarget "Nutrition TrackerTests" */;
			buildPhases = (
				F8F3B6162D0075AA00EF7DAB /* Sources */,
				F8F3B6172D0075AA00EF7DAB /* Frameworks */,
				F8F3B6182D0075AA00EF7DAB /* Resources */,
			);
			buildRules = (
			);
			dependencies = (
				F8F3B61C2D0075AA00EF7DAB /* PBXTargetDependency */,
			);
			name = "Nutrition TrackerTests";
			productName = "Nutrition TrackerTests";
			productReference = F8F3B61A2D0075AA00EF7DAB /* Nutrition TrackerTests.xctest */;
			productType = "com.apple.product-type.bundle.unit-test";
		};
		F8F3B6232D0075AA00EF7DAB /* Nutrition TrackerUITests */ = {
			isa = PBXNativeTarget;
			buildConfigurationList = F8F3B6342D0075AA00EF7DAB /* Build configuration list for PBXNativeTarget "Nutrition TrackerUITests" */;
			buildPhases = (
				F8F3B6202D0075AA00EF7DAB /* Sources */,
				F8F3B6212D0075AA00EF7DAB /* Frameworks */,
				F8F3B6222D0075AA00EF7DAB /* Resources */,
			);
			buildRules = (
			);
			dependencies = (
				F8F3B6262D0075AA00EF7DAB /* PBXTargetDependency */,
			);
			name = "Nutrition TrackerUITests";
			productName = "Nutrition TrackerUITests";
			productReference = F8F3B6242D0075AA00EF7DAB /* Nutrition TrackerUITests.xctest */;
			productType = "com.apple.product-type.bundle.ui-testing";
		};
/* End PBXNativeTarget section */

/* Begin PBXProject section */
		F8F3B6022D0075A900EF7DAB /* Project object */ = {
			isa = PBXProject;
			attributes = {
				BuildIndependentTargetsInParallel = 1;
				LastSwiftUpdateCheck = 1540;
				LastUpgradeCheck = 1540;
				TargetAttributes = {
					F8F3B6092D0075A900EF7DAB = {
						CreatedOnToolsVersion = 15.4;
					};
					F8F3B6192D0075AA00EF7DAB = {
						CreatedOnToolsVersion = 15.4;
						TestTargetID = F8F3B6092D0075A900EF7DAB;
					};
					F8F3B6232D0075AA00EF7DAB = {
						CreatedOnToolsVersion = 15.4;
						TestTargetID = F8F3B6092D0075A900EF7DAB;
					};
				};
			};
			buildConfigurationList = F8F3B6052D0075A900EF7DAB /* Build configuration list for PBXProject "Nutrition Tracker" */;
			compatibilityVersion = "Xcode 14.0";
			developmentRegion = en;
			hasScannedForEncodings = 0;
			knownRegions = (
				en,
				Base,
			);
			mainGroup = F8F3B6012D0075A900EF7DAB;
			packageReferences = (
				F8F3B6592D0079FE00EF7DAB /* XCRemoteSwiftPackageReference "firebase-ios-sdk" */,
			);
			productRefGroup = F8F3B60B2D0075A900EF7DAB /* Products */;
			projectDirPath = "";
			projectRoot = "";
			targets = (
				F8F3B6092D0075A900EF7DAB /* Nutrition Tracker */,
				F8F3B6192D0075AA00EF7DAB /* Nutrition TrackerTests */,
				F8F3B6232D0075AA00EF7DAB /* Nutrition TrackerUITests */,
			);
		};
/* End PBXProject section */

/* Begin PBXResourcesBuildPhase section */
		F8F3B6082D0075A900EF7DAB /* Resources */ = {
			isa = PBXResourcesBuildPhase;
			buildActionMask = 2147483647;
			files = (
				F8F3B6152D0075AA00EF7DAB /* Preview Assets.xcassets in Resources */,
				F8F3B6122D0075AA00EF7DAB /* Assets.xcassets in Resources */,
				F8AFF7AD2D00829000C06A47 /* GoogleService-Info.plist in Resources */,
			);
			runOnlyForDeploymentPostprocessing = 0;
		};
		F8F3B6182D0075AA00EF7DAB /* Resources */ = {
			isa = PBXResourcesBuildPhase;
			buildActionMask = 2147483647;
			files = (
			);
			runOnlyForDeploymentPostprocessing = 0;
		};
		F8F3B6222D0075AA00EF7DAB /* Resources */ = {
			isa = PBXResourcesBuildPhase;
			buildActionMask = 2147483647;
			files = (
			);
			runOnlyForDeploymentPostprocessing = 0;
		};
/* End PBXResourcesBuildPhase section */

/* Begin PBXSourcesBuildPhase section */
		F8F3B6062D0075A900EF7DAB /* Sources */ = {
			isa = PBXSourcesBuildPhase;
			buildActionMask = 2147483647;
			files = (
				F8F3B6472D00768D00EF7DAB /* ProfileView.swift in Sources */,
				F8F3B6432D00767B00EF7DAB /* CreateAccountView.swift in Sources */,
				F8AFF7A82D007E6900C06A47 /* ImagePicker.swift in Sources */,
				F8F3B6102D0075A900EF7DAB /* ContentView.swift in Sources */,
				F8F3B64C2D00770800EF7DAB /* UserViewModal.swift in Sources */,
				F8F3B64E2D00773E00EF7DAB /* NetworkManager.swift in Sources */,
				F8F3B6542D00791800EF7DAB /* NutritionModels.swift in Sources */,
				F8F3B63F2D00764F00EF7DAB /* AddWaterView.swift in Sources */,
				F8F3B6562D00792F00EF7DAB /* User.swift in Sources */,
				F8F3B60E2D0075A900EF7DAB /* Nutrition_TrackerApp.swift in Sources */,
				F8F3B6582D00795100EF7DAB /* HelperViews.swift in Sources */,
				F8F3B64A2D0076FC00EF7DAB /* ImageProcessingViewModal.swift in Sources */,
				F8F3B6502D00776200EF7DAB /* AppError.swift in Sources */,
				F8AFF7AB2D00804800C06A47 /* Data+Extensions.swift in Sources */,
				F8F3B63D2D00763200EF7DAB /* AddFoodView.swift in Sources */,
				F8F3B6452D00768500EF7DAB /* HomePageView.swift in Sources */,
				F8F3B6412D00766F00EF7DAB /* AuthenticationView.swift in Sources */,
			);
			runOnlyForDeploymentPostprocessing = 0;
		};
		F8F3B6162D0075AA00EF7DAB /* Sources */ = {
			isa = PBXSourcesBuildPhase;
			buildActionMask = 2147483647;
			files = (
				F8F3B61F2D0075AA00EF7DAB /* Nutrition_TrackerTests.swift in Sources */,
			);
			runOnlyForDeploymentPostprocessing = 0;
		};
		F8F3B6202D0075AA00EF7DAB /* Sources */ = {
			isa = PBXSourcesBuildPhase;
			buildActionMask = 2147483647;
			files = (
				F8F3B62B2D0075AA00EF7DAB /* Nutrition_TrackerUITestsLaunchTests.swift in Sources */,
				F8F3B6292D0075AA00EF7DAB /* Nutrition_TrackerUITests.swift in Sources */,
			);
			runOnlyForDeploymentPostprocessing = 0;
		};
/* End PBXSourcesBuildPhase section */

/* Begin PBXTargetDependency section */
		F8F3B61C2D0075AA00EF7DAB /* PBXTargetDependency */ = {
			isa = PBXTargetDependency;
			target = F8F3B6092D0075A900EF7DAB /* Nutrition Tracker */;
			targetProxy = F8F3B61B2D0075AA00EF7DAB /* PBXContainerItemProxy */;
		};
		F8F3B6262D0075AA00EF7DAB /* PBXTargetDependency */ = {
			isa = PBXTargetDependency;
			target = F8F3B6092D0075A900EF7DAB /* Nutrition Tracker */;
			targetProxy = F8F3B6252D0075AA00EF7DAB /* PBXContainerItemProxy */;
		};
/* End PBXTargetDependency section */

/* Begin XCBuildConfiguration section */
		F8F3B62C2D0075AA00EF7DAB /* Debug */ = {
			isa = XCBuildConfiguration;
			buildSettings = {
				ALWAYS_SEARCH_USER_PATHS = NO;
				ASSETCATALOG_COMPILER_GENERATE_SWIFT_ASSET_SYMBOL_EXTENSIONS = YES;
				CLANG_ANALYZER_NONNULL = YES;
				CLANG_ANALYZER_NUMBER_OBJECT_CONVERSION = YES_AGGRESSIVE;
				CLANG_CXX_LANGUAGE_STANDARD = "gnu++20";
				CLANG_ENABLE_MODULES = YES;
				CLANG_ENABLE_OBJC_ARC = YES;
				CLANG_ENABLE_OBJC_WEAK = YES;
				CLANG_WARN_BLOCK_CAPTURE_AUTORELEASING = YES;
				CLANG_WARN_BOOL_CONVERSION = YES;
				CLANG_WARN_COMMA = YES;
				CLANG_WARN_CONSTANT_CONVERSION = YES;
				CLANG_WARN_DEPRECATED_OBJC_IMPLEMENTATIONS = YES;
				CLANG_WARN_DIRECT_OBJC_ISA_USAGE = YES_ERROR;
				CLANG_WARN_DOCUMENTATION_COMMENTS = YES;
				CLANG_WARN_EMPTY_BODY = YES;
				CLANG_WARN_ENUM_CONVERSION = YES;
				CLANG_WARN_INFINITE_RECURSION = YES;
				CLANG_WARN_INT_CONVERSION = YES;
				CLANG_WARN_NON_LITERAL_NULL_CONVERSION = YES;
				CLANG_WARN_OBJC_IMPLICIT_RETAIN_SELF = YES;
				CLANG_WARN_OBJC_LITERAL_CONVERSION = YES;
				CLANG_WARN_OBJC_ROOT_CLASS = YES_ERROR;
				CLANG_WARN_QUOTED_INCLUDE_IN_FRAMEWORK_HEADER = YES;
				CLANG_WARN_RANGE_LOOP_ANALYSIS = YES;
				CLANG_WARN_STRICT_PROTOTYPES = YES;
				CLANG_WARN_SUSPICIOUS_MOVE = YES;
				CLANG_WARN_UNGUARDED_AVAILABILITY = YES_AGGRESSIVE;
				CLANG_WARN_UNREACHABLE_CODE = YES;
				CLANG_WARN__DUPLICATE_METHOD_MATCH = YES;
				COPY_PHASE_STRIP = NO;
				DEBUG_INFORMATION_FORMAT = dwarf;
				ENABLE_STRICT_OBJC_MSGSEND = YES;
				ENABLE_TESTABILITY = YES;
				ENABLE_USER_SCRIPT_SANDBOXING = YES;
				GCC_C_LANGUAGE_STANDARD = gnu17;
				GCC_DYNAMIC_NO_PIC = NO;
				GCC_NO_COMMON_BLOCKS = YES;
				GCC_OPTIMIZATION_LEVEL = 0;
				GCC_PREPROCESSOR_DEFINITIONS = (
					"DEBUG=1",
					"$(inherited)",
				);
				GCC_WARN_64_TO_32_BIT_CONVERSION = YES;
				GCC_WARN_ABOUT_RETURN_TYPE = YES_ERROR;
				GCC_WARN_UNDECLARED_SELECTOR = YES;
				GCC_WARN_UNINITIALIZED_AUTOS = YES_AGGRESSIVE;
				GCC_WARN_UNUSED_FUNCTION = YES;
				GCC_WARN_UNUSED_VARIABLE = YES;
				IPHONEOS_DEPLOYMENT_TARGET = 17.5;
				LOCALIZATION_PREFERS_STRING_CATALOGS = YES;
				MTL_ENABLE_DEBUG_INFO = INCLUDE_SOURCE;
				MTL_FAST_MATH = YES;
				ONLY_ACTIVE_ARCH = YES;
				SDKROOT = iphoneos;
				SWIFT_ACTIVE_COMPILATION_CONDITIONS = "DEBUG $(inherited)";
				SWIFT_OPTIMIZATION_LEVEL = "-Onone";
			};
			name = Debug;
		};
		F8F3B62D2D0075AA00EF7DAB /* Release */ = {
			isa = XCBuildConfiguration;
			buildSettings = {
				ALWAYS_SEARCH_USER_PATHS = NO;
				ASSETCATALOG_COMPILER_GENERATE_SWIFT_ASSET_SYMBOL_EXTENSIONS = YES;
				CLANG_ANALYZER_NONNULL = YES;
				CLANG_ANALYZER_NUMBER_OBJECT_CONVERSION = YES_AGGRESSIVE;
				CLANG_CXX_LANGUAGE_STANDARD = "gnu++20";
				CLANG_ENABLE_MODULES = YES;
				CLANG_ENABLE_OBJC_ARC = YES;
				CLANG_ENABLE_OBJC_WEAK = YES;
				CLANG_WARN_BLOCK_CAPTURE_AUTORELEASING = YES;
				CLANG_WARN_BOOL_CONVERSION = YES;
				CLANG_WARN_COMMA = YES;
				CLANG_WARN_CONSTANT_CONVERSION = YES;
				CLANG_WARN_DEPRECATED_OBJC_IMPLEMENTATIONS = YES;
				CLANG_WARN_DIRECT_OBJC_ISA_USAGE = YES_ERROR;
				CLANG_WARN_DOCUMENTATION_COMMENTS = YES;
				CLANG_WARN_EMPTY_BODY = YES;
				CLANG_WARN_ENUM_CONVERSION = YES;
				CLANG_WARN_INFINITE_RECURSION = YES;
				CLANG_WARN_INT_CONVERSION = YES;
				CLANG_WARN_NON_LITERAL_NULL_CONVERSION = YES;
				CLANG_WARN_OBJC_IMPLICIT_RETAIN_SELF = YES;
				CLANG_WARN_OBJC_LITERAL_CONVERSION = YES;
				CLANG_WARN_OBJC_ROOT_CLASS = YES_ERROR;
				CLANG_WARN_QUOTED_INCLUDE_IN_FRAMEWORK_HEADER = YES;
				CLANG_WARN_RANGE_LOOP_ANALYSIS = YES;
				CLANG_WARN_STRICT_PROTOTYPES = YES;
				CLANG_WARN_SUSPICIOUS_MOVE = YES;
				CLANG_WARN_UNGUARDED_AVAILABILITY = YES_AGGRESSIVE;
				CLANG_WARN_UNREACHABLE_CODE = YES;
				CLANG_WARN__DUPLICATE_METHOD_MATCH = YES;
				COPY_PHASE_STRIP = NO;
				DEBUG_INFORMATION_FORMAT = "dwarf-with-dsym";
				ENABLE_NS_ASSERTIONS = NO;
				ENABLE_STRICT_OBJC_MSGSEND = YES;
				ENABLE_USER_SCRIPT_SANDBOXING = YES;
				GCC_C_LANGUAGE_STANDARD = gnu17;
				GCC_NO_COMMON_BLOCKS = YES;
				GCC_WARN_64_TO_32_BIT_CONVERSION = YES;
				GCC_WARN_ABOUT_RETURN_TYPE = YES_ERROR;
				GCC_WARN_UNDECLARED_SELECTOR = YES;
				GCC_WARN_UNINITIALIZED_AUTOS = YES_AGGRESSIVE;
				GCC_WARN_UNUSED_FUNCTION = YES;
				GCC_WARN_UNUSED_VARIABLE = YES;
				IPHONEOS_DEPLOYMENT_TARGET = 17.5;
				LOCALIZATION_PREFERS_STRING_CATALOGS = YES;
				MTL_ENABLE_DEBUG_INFO = NO;
				MTL_FAST_MATH = YES;
				SDKROOT = iphoneos;
				SWIFT_COMPILATION_MODE = wholemodule;
				VALIDATE_PRODUCT = YES;
			};
			name = Release;
		};
		F8F3B62F2D0075AA00EF7DAB /* Debug */ = {
			isa = XCBuildConfiguration;
			buildSettings = {
				ASSETCATALOG_COMPILER_APPICON_NAME = AppIcon;
				ASSETCATALOG_COMPILER_GLOBAL_ACCENT_COLOR_NAME = AccentColor;
				CODE_SIGN_STYLE = Automatic;
				CURRENT_PROJECT_VERSION = 1;
				DEVELOPMENT_ASSET_PATHS = "\"Nutrition Tracker/Preview Content\"";
				DEVELOPMENT_TEAM = 267LG69867;
				ENABLE_PREVIEWS = YES;
				GENERATE_INFOPLIST_FILE = YES;
				INFOPLIST_KEY_UIApplicationSceneManifest_Generation = YES;
				INFOPLIST_KEY_UIApplicationSupportsIndirectInputEvents = YES;
				INFOPLIST_KEY_UILaunchScreen_Generation = YES;
				INFOPLIST_KEY_UISupportedInterfaceOrientations_iPad = "UIInterfaceOrientationPortrait UIInterfaceOrientationPortraitUpsideDown UIInterfaceOrientationLandscapeLeft UIInterfaceOrientationLandscapeRight";
				INFOPLIST_KEY_UISupportedInterfaceOrientations_iPhone = "UIInterfaceOrientationPortrait UIInterfaceOrientationLandscapeLeft UIInterfaceOrientationLandscapeRight";
				LD_RUNPATH_SEARCH_PATHS = (
					"$(inherited)",
					"@executable_path/Frameworks",
				);
				MARKETING_VERSION = 1.0;
				PRODUCT_BUNDLE_IDENTIFIER = "Ananth-Kashyap.Nutrition-Tracker";
				PRODUCT_NAME = "$(TARGET_NAME)";
				SWIFT_EMIT_LOC_STRINGS = YES;
				SWIFT_VERSION = 5.0;
				TARGETED_DEVICE_FAMILY = "1,2";
			};
			name = Debug;
		};
		F8F3B6302D0075AA00EF7DAB /* Release */ = {
			isa = XCBuildConfiguration;
			buildSettings = {
				ASSETCATALOG_COMPILER_APPICON_NAME = AppIcon;
				ASSETCATALOG_COMPILER_GLOBAL_ACCENT_COLOR_NAME = AccentColor;
				CODE_SIGN_STYLE = Automatic;
				CURRENT_PROJECT_VERSION = 1;
				DEVELOPMENT_ASSET_PATHS = "\"Nutrition Tracker/Preview Content\"";
				DEVELOPMENT_TEAM = 267LG69867;
				ENABLE_PREVIEWS = YES;
				GENERATE_INFOPLIST_FILE = YES;
				INFOPLIST_KEY_UIApplicationSceneManifest_Generation = YES;
				INFOPLIST_KEY_UIApplicationSupportsIndirectInputEvents = YES;
				INFOPLIST_KEY_UILaunchScreen_Generation = YES;
				INFOPLIST_KEY_UISupportedInterfaceOrientations_iPad = "UIInterfaceOrientationPortrait UIInterfaceOrientationPortraitUpsideDown UIInterfaceOrientationLandscapeLeft UIInterfaceOrientationLandscapeRight";
				INFOPLIST_KEY_UISupportedInterfaceOrientations_iPhone = "UIInterfaceOrientationPortrait UIInterfaceOrientationLandscapeLeft UIInterfaceOrientationLandscapeRight";
				LD_RUNPATH_SEARCH_PATHS = (
					"$(inherited)",
					"@executable_path/Frameworks",
				);
				MARKETING_VERSION = 1.0;
				PRODUCT_BUNDLE_IDENTIFIER = "Ananth-Kashyap.Nutrition-Tracker";
				PRODUCT_NAME = "$(TARGET_NAME)";
				SWIFT_EMIT_LOC_STRINGS = YES;
				SWIFT_VERSION = 5.0;
				TARGETED_DEVICE_FAMILY = "1,2";
			};
			name = Release;
		};
		F8F3B6322D0075AA00EF7DAB /* Debug */ = {
			isa = XCBuildConfiguration;
			buildSettings = {
				ALWAYS_EMBED_SWIFT_STANDARD_LIBRARIES = YES;
				BUNDLE_LOADER = "$(TEST_HOST)";
				CODE_SIGN_STYLE = Automatic;
				CURRENT_PROJECT_VERSION = 1;
				DEVELOPMENT_TEAM = 267LG69867;
				GENERATE_INFOPLIST_FILE = YES;
				IPHONEOS_DEPLOYMENT_TARGET = 17.5;
				MARKETING_VERSION = 1.0;
				PRODUCT_BUNDLE_IDENTIFIER = "Ananth-Kashyap.Nutrition-TrackerTests";
				PRODUCT_NAME = "$(TARGET_NAME)";
				SWIFT_EMIT_LOC_STRINGS = NO;
				SWIFT_VERSION = 5.0;
				TARGETED_DEVICE_FAMILY = "1,2";
				TEST_HOST = "$(BUILT_PRODUCTS_DIR)/Nutrition Tracker.app/$(BUNDLE_EXECUTABLE_FOLDER_PATH)/Nutrition Tracker";
			};
			name = Debug;
		};
		F8F3B6332D0075AA00EF7DAB /* Release */ = {
			isa = XCBuildConfiguration;
			buildSettings = {
				ALWAYS_EMBED_SWIFT_STANDARD_LIBRARIES = YES;
				BUNDLE_LOADER = "$(TEST_HOST)";
				CODE_SIGN_STYLE = Automatic;
				CURRENT_PROJECT_VERSION = 1;
				DEVELOPMENT_TEAM = 267LG69867;
				GENERATE_INFOPLIST_FILE = YES;
				IPHONEOS_DEPLOYMENT_TARGET = 17.5;
				MARKETING_VERSION = 1.0;
				PRODUCT_BUNDLE_IDENTIFIER = "Ananth-Kashyap.Nutrition-TrackerTests";
				PRODUCT_NAME = "$(TARGET_NAME)";
				SWIFT_EMIT_LOC_STRINGS = NO;
				SWIFT_VERSION = 5.0;
				TARGETED_DEVICE_FAMILY = "1,2";
				TEST_HOST = "$(BUILT_PRODUCTS_DIR)/Nutrition Tracker.app/$(BUNDLE_EXECUTABLE_FOLDER_PATH)/Nutrition Tracker";
			};
			name = Release;
		};
		F8F3B6352D0075AA00EF7DAB /* Debug */ = {
			isa = XCBuildConfiguration;
			buildSettings = {
				ALWAYS_EMBED_SWIFT_STANDARD_LIBRARIES = YES;
				CODE_SIGN_STYLE = Automatic;
				CURRENT_PROJECT_VERSION = 1;
				DEVELOPMENT_TEAM = 267LG69867;
				GENERATE_INFOPLIST_FILE = YES;
				MARKETING_VERSION = 1.0;
				PRODUCT_BUNDLE_IDENTIFIER = "Ananth-Kashyap.Nutrition-TrackerUITests";
				PRODUCT_NAME = "$(TARGET_NAME)";
				SWIFT_EMIT_LOC_STRINGS = NO;
				SWIFT_VERSION = 5.0;
				TARGETED_DEVICE_FAMILY = "1,2";
				TEST_TARGET_NAME = "Nutrition Tracker";
			};
			name = Debug;
		};
		F8F3B6362D0075AA00EF7DAB /* Release */ = {
			isa = XCBuildConfiguration;
			buildSettings = {
				ALWAYS_EMBED_SWIFT_STANDARD_LIBRARIES = YES;
				CODE_SIGN_STYLE = Automatic;
				CURRENT_PROJECT_VERSION = 1;
				DEVELOPMENT_TEAM = 267LG69867;
				GENERATE_INFOPLIST_FILE = YES;
				MARKETING_VERSION = 1.0;
				PRODUCT_BUNDLE_IDENTIFIER = "Ananth-Kashyap.Nutrition-TrackerUITests";
				PRODUCT_NAME = "$(TARGET_NAME)";
				SWIFT_EMIT_LOC_STRINGS = NO;
				SWIFT_VERSION = 5.0;
				TARGETED_DEVICE_FAMILY = "1,2";
				TEST_TARGET_NAME = "Nutrition Tracker";
			};
			name = Release;
		};
/* End XCBuildConfiguration section */

/* Begin XCConfigurationList section */
		F8F3B6052D0075A900EF7DAB /* Build configuration list for PBXProject "Nutrition Tracker" */ = {
			isa = XCConfigurationList;
			buildConfigurations = (
				F8F3B62C2D0075AA00EF7DAB /* Debug */,
				F8F3B62D2D0075AA00EF7DAB /* Release */,
			);
			defaultConfigurationIsVisible = 0;
			defaultConfigurationName = Release;
		};
		F8F3B62E2D0075AA00EF7DAB /* Build configuration list for PBXNativeTarget "Nutrition Tracker" */ = {
			isa = XCConfigurationList;
			buildConfigurations = (
				F8F3B62F2D0075AA00EF7DAB /* Debug */,
				F8F3B6302D0075AA00EF7DAB /* Release */,
			);
			defaultConfigurationIsVisible = 0;
			defaultConfigurationName = Release;
		};
		F8F3B6312D0075AA00EF7DAB /* Build configuration list for PBXNativeTarget "Nutrition TrackerTests" */ = {
			isa = XCConfigurationList;
			buildConfigurations = (
				F8F3B6322D0075AA00EF7DAB /* Debug */,
				F8F3B6332D0075AA00EF7DAB /* Release */,
			);
			defaultConfigurationIsVisible = 0;
			defaultConfigurationName = Release;
		};
		F8F3B6342D0075AA00EF7DAB /* Build configuration list for PBXNativeTarget "Nutrition TrackerUITests" */ = {
			isa = XCConfigurationList;
			buildConfigurations = (
				F8F3B6352D0075AA00EF7DAB /* Debug */,
				F8F3B6362D0075AA00EF7DAB /* Release */,
			);
			defaultConfigurationIsVisible = 0;
			defaultConfigurationName = Release;
		};
/* End XCConfigurationList section */

/* Begin XCRemoteSwiftPackageReference section */
		F8F3B6592D0079FE00EF7DAB /* XCRemoteSwiftPackageReference "firebase-ios-sdk" */ = {
			isa = XCRemoteSwiftPackageReference;
			repositoryURL = "https://github.com/firebase/firebase-ios-sdk";
			requirement = {
				kind = upToNextMajorVersion;
				minimumVersion = 11.6.0;
			};
		};
/* End XCRemoteSwiftPackageReference section */

/* Begin XCSwiftPackageProductDependency section */
		F8F3B65A2D007B9000EF7DAB /* FirebaseAuth */ = {
			isa = XCSwiftPackageProductDependency;
			productName = FirebaseAuth;
		};
		F8F3B65C2D007B9000EF7DAB /* FirebaseCore */ = {
			isa = XCSwiftPackageProductDependency;
			productName = FirebaseCore;
		};
		F8F3B65E2D007BAB00EF7DAB /* FirebaseAuth */ = {
			isa = XCSwiftPackageProductDependency;
			productName = FirebaseAuth;
		};
		F8F3B6602D007BAB00EF7DAB /* FirebaseCore */ = {
			isa = XCSwiftPackageProductDependency;
			productName = FirebaseCore;
		};
		F8F3B6622D007BD200EF7DAB /* FirebaseAnalytics */ = {
			isa = XCSwiftPackageProductDependency;
			productName = FirebaseAnalytics;
		};
		F8F3B6642D007BD200EF7DAB /* FirebaseAuth */ = {
			isa = XCSwiftPackageProductDependency;
			productName = FirebaseAuth;
		};
		F8F3B6662D007BD200EF7DAB /* FirebaseCore */ = {
			isa = XCSwiftPackageProductDependency;
			productName = FirebaseCore;
		};
		F8F3B6682D007C1A00EF7DAB /* FirebaseAuth */ = {
			isa = XCSwiftPackageProductDependency;
			productName = FirebaseAuth;
		};
		F8F3B66A2D007C1A00EF7DAB /* FirebaseCore */ = {
			isa = XCSwiftPackageProductDependency;
			productName = FirebaseCore;
		};
/* End XCSwiftPackageProductDependency section */
	};
	rootObject = F8F3B6022D0075A900EF7DAB /* Project object */;
}
